
Microsoft Visual Studio Solution File, Format Version 12.00
# Visual Studio 15
Project("{FAE04EC0-301F-11D3-BF4B-00C04F79EFBC}") = "Assembly-CSharp", "Assembly-CSharp.csproj", "{9ACA73F3-DCE6-FB6E-8AA1-3C3849A005F7}"
EndProject
Project("{FAE04EC0-301F-11D3-BF4B-00C04F79EFBC}") = "Assembly-CSharp-Editor", "Assembly-CSharp-Editor.csproj", "{F26916B4-056E-E5C0-2E0A-770C914D2CE5}"
EndProject
Global
	GlobalSection(SolutionConfigurationPlatforms) = preSolution
		Debug|Any CPU = Debug|Any CPU
		Release|Any CPU = Release|Any CPU
	EndGlobalSection
	GlobalSection(ProjectConfigurationPlatforms) = postSolution
		{9ACA73F3-DCE6-FB6E-8AA1-3C3849A005F7}.Debug|Any CPU.ActiveCfg = Debug|Any CPU
		{9ACA73F3-DCE6-FB6E-8AA1-3C3849A005F7}.Debug|Any CPU.Build.0 = Debug|Any CPU
		{9ACA73F3-DCE6-FB6E-8AA1-3C3849A005F7}.Release|Any CPU.ActiveCfg = Release|Any CPU
		{9ACA73F3-DCE6-FB6E-8AA1-3C3849A005F7}.Release|Any CPU.Build.0 = Release|Any CPU
		{F26916B4-056E-E5C0-2E0A-770C914D2CE5}.Debug|Any CPU.ActiveCfg = Debug|Any CPU
		{F26916B4-056E-E5C0-2E0A-770C914D2CE5}.Debug|Any CPU.Build.0 = Debug|Any CPU
		{F26916B4-056E-E5C0-2E0A-770C914D2CE5}.Release|Any CPU.ActiveCfg = Release|Any CPU
		{F26916B4-056E-E5C0-2E0A-770C914D2CE5}.Release|Any CPU.Build.0 = Release|Any CPU
	EndGlobalSection
	GlobalSection(SolutionProperties) = preSolution
		HideSolutionNode = FALSE
	EndGlobalSection
EndGlobal
